
Microsoft Visual Studio Solution File, Format Version 12.00
# Visual Studio Version 17
VisualStudioVersion = 17.2.32630.192
MinimumVisualStudioVersion = 10.0.40219.1
Project("{9A19103F-16F7-4668-BE54-9A1E7A4F7556}") = "ApartmentsParser.Domain", "ApartmentsParser.Domain\ApartmentsParser.Domain.csproj", "{C66675D5-0087-4B03-94D9-90FAB1095121}"
EndProject
Project("{9A19103F-16F7-4668-BE54-9A1E7A4F7556}") = "ApartmentsParser.DataAccess", "ApartmentsParser.DataAccess\ApartmentsParser.DataAccess.csproj", "{5FEF21ED-9909-48F9-9E11-BFE98E56F214}"
	ProjectSection(ProjectDependencies) = postProject
		{D1B8D3B2-C9B1-4B8E-A9E7-4636790EEB8D} = {D1B8D3B2-C9B1-4B8E-A9E7-4636790EEB8D}
	EndProjectSection
EndProject
Project("{9A19103F-16F7-4668-BE54-9A1E7A4F7556}") = "ApartmentsParser.BusinessLogic", "ApartmentsParser.BusinessLogic\ApartmentsParser.BusinessLogic.csproj", "{A13B9D3B-7D5B-4A33-B0D3-1B1CC106C911}"
EndProject
Project("{9A19103F-16F7-4668-BE54-9A1E7A4F7556}") = "ApartmentsParser.UI", "ApartmentsParser.UI\ApartmentsParser.UI.csproj", "{A0436B36-6A14-4881-8342-858585758506}"
EndProject
Project("{9A19103F-16F7-4668-BE54-9A1E7A4F7556}") = "ApartmentsParser.JobsRunner", "ApartmentsParser.JobsRunner\ApartmentsParser.JobsRunner.csproj", "{E6BB4FEF-8566-4C51-87E7-9BD420A052BB}"
	ProjectSection(ProjectDependencies) = postProject
		{5FEF21ED-9909-48F9-9E11-BFE98E56F214} = {5FEF21ED-9909-48F9-9E11-BFE98E56F214}
		{A13B9D3B-7D5B-4A33-B0D3-1B1CC106C911} = {A13B9D3B-7D5B-4A33-B0D3-1B1CC106C911}
	EndProjectSection
EndProject
Project("{9A19103F-16F7-4668-BE54-9A1E7A4F7556}") = "ApartmentsParser.DataAccess.Tests", "ApartmentsParser.DataAccess.Tests\ApartmentsParser.DataAccess.Tests.csproj", "{A9ABD606-C2A9-4729-B56F-386E8B52F3C2}"
EndProject
Project("{9A19103F-16F7-4668-BE54-9A1E7A4F7556}") = "ApartmentsParser.SharedData", "ApartmentsParser.SharedData\ApartmentsParser.SharedData.csproj", "{D1B8D3B2-C9B1-4B8E-A9E7-4636790EEB8D}"
EndProject
Project("{FAE04EC0-301F-11D3-BF4B-00C04F79EFBC}") = "ApartmentsParser.BusinessLogic.Tests", "ApartmentsParser.BusinessLogic.Tests\ApartmentsParser.BusinessLogic.Tests.csproj", "{54478654-FD2A-4C33-8A9C-2B43E3D7F4E9}"
EndProject
Project("{FAE04EC0-301F-11D3-BF4B-00C04F79EFBC}") = "ApartmentsParser.UI.Tests", "ApartmentsParser.UI.Tests\ApartmentsParser.UI.Tests.csproj", "{A4B1ABBA-3C6A-4B35-9783-BE8BF21C6D03}"
EndProject
Global
	GlobalSection(SolutionConfigurationPlatforms) = preSolution
		Debug|Any CPU = Debug|Any CPU
		Release|Any CPU = Release|Any CPU
	EndGlobalSection
	GlobalSection(ProjectConfigurationPlatforms) = postSolution
		{C66675D5-0087-4B03-94D9-90FAB1095121}.Debug|Any CPU.ActiveCfg = Debug|Any CPU
		{C66675D5-0087-4B03-94D9-90FAB1095121}.Debug|Any CPU.Build.0 = Debug|Any CPU
		{C66675D5-0087-4B03-94D9-90FAB1095121}.Release|Any CPU.ActiveCfg = Release|Any CPU
		{C66675D5-0087-4B03-94D9-90FAB1095121}.Release|Any CPU.Build.0 = Release|Any CPU
		{5FEF21ED-9909-48F9-9E11-BFE98E56F214}.Debug|Any CPU.ActiveCfg = Debug|Any CPU
		{5FEF21ED-9909-48F9-9E11-BFE98E56F214}.Debug|Any CPU.Build.0 = Debug|Any CPU
		{5FEF21ED-9909-48F9-9E11-BFE98E56F214}.Release|Any CPU.ActiveCfg = Release|Any CPU
		{5FEF21ED-9909-48F9-9E11-BFE98E56F214}.Release|Any CPU.Build.0 = Release|Any CPU
		{A13B9D3B-7D5B-4A33-B0D3-1B1CC106C911}.Debug|Any CPU.ActiveCfg = Debug|Any CPU
		{A13B9D3B-7D5B-4A33-B0D3-1B1CC106C911}.Debug|Any CPU.Build.0 = Debug|Any CPU
		{A13B9D3B-7D5B-4A33-B0D3-1B1CC106C911}.Release|Any CPU.ActiveCfg = Release|Any CPU
		{A13B9D3B-7D5B-4A33-B0D3-1B1CC106C911}.Release|Any CPU.Build.0 = Release|Any CPU
		{A0436B36-6A14-4881-8342-858585758506}.Debug|Any CPU.ActiveCfg = Debug|Any CPU
		{A0436B36-6A14-4881-8342-858585758506}.Debug|Any CPU.Build.0 = Debug|Any CPU
		{A0436B36-6A14-4881-8342-858585758506}.Release|Any CPU.ActiveCfg = Release|Any CPU
		{A0436B36-6A14-4881-8342-858585758506}.Release|Any CPU.Build.0 = Release|Any CPU
		{E6BB4FEF-8566-4C51-87E7-9BD420A052BB}.Debug|Any CPU.ActiveCfg = Debug|Any CPU
		{E6BB4FEF-8566-4C51-87E7-9BD420A052BB}.Debug|Any CPU.Build.0 = Debug|Any CPU
		{E6BB4FEF-8566-4C51-87E7-9BD420A052BB}.Release|Any CPU.ActiveCfg = Release|Any CPU
		{E6BB4FEF-8566-4C51-87E7-9BD420A052BB}.Release|Any CPU.Build.0 = Release|Any CPU
		{A9ABD606-C2A9-4729-B56F-386E8B52F3C2}.Debug|Any CPU.ActiveCfg = Debug|Any CPU
		{A9ABD606-C2A9-4729-B56F-386E8B52F3C2}.Debug|Any CPU.Build.0 = Debug|Any CPU
		{A9ABD606-C2A9-4729-B56F-386E8B52F3C2}.Release|Any CPU.ActiveCfg = Release|Any CPU
		{A9ABD606-C2A9-4729-B56F-386E8B52F3C2}.Release|Any CPU.Build.0 = Release|Any CPU
		{D1B8D3B2-C9B1-4B8E-A9E7-4636790EEB8D}.Debug|Any CPU.ActiveCfg = Debug|Any CPU
		{D1B8D3B2-C9B1-4B8E-A9E7-4636790EEB8D}.Debug|Any CPU.Build.0 = Debug|Any CPU
		{D1B8D3B2-C9B1-4B8E-A9E7-4636790EEB8D}.Release|Any CPU.ActiveCfg = Release|Any CPU
		{D1B8D3B2-C9B1-4B8E-A9E7-4636790EEB8D}.Release|Any CPU.Build.0 = Release|Any CPU
		{54478654-FD2A-4C33-8A9C-2B43E3D7F4E9}.Debug|Any CPU.ActiveCfg = Debug|Any CPU
		{54478654-FD2A-4C33-8A9C-2B43E3D7F4E9}.Debug|Any CPU.Build.0 = Debug|Any CPU
		{54478654-FD2A-4C33-8A9C-2B43E3D7F4E9}.Release|Any CPU.ActiveCfg = Release|Any CPU
		{54478654-FD2A-4C33-8A9C-2B43E3D7F4E9}.Release|Any CPU.Build.0 = Release|Any CPU
		{A4B1ABBA-3C6A-4B35-9783-BE8BF21C6D03}.Debug|Any CPU.ActiveCfg = Debug|Any CPU
		{A4B1ABBA-3C6A-4B35-9783-BE8BF21C6D03}.Debug|Any CPU.Build.0 = Debug|Any CPU
		{A4B1ABBA-3C6A-4B35-9783-BE8BF21C6D03}.Release|Any CPU.ActiveCfg = Release|Any CPU
		{A4B1ABBA-3C6A-4B35-9783-BE8BF21C6D03}.Release|Any CPU.Build.0 = Release|Any CPU
	EndGlobalSection
	GlobalSection(SolutionProperties) = preSolution
		HideSolutionNode = FALSE
	EndGlobalSection
	GlobalSection(ExtensibilityGlobals) = postSolution
		SolutionGuid = {B7249807-7299-4401-8F9C-51C75904C0D7}
	EndGlobalSection
EndGlobal
